
Microsoft Visual Studio Solution File, Format Version 12.00
# Visual Studio 15
VisualStudioVersion = 15.0.27428.2027
MinimumVisualStudioVersion = 10.0.40219.1
Project("{FAE04EC0-301F-11D3-BF4B-00C04F79EFBC}") = "MexQuiz", "MexQuiz\MexQuiz.csproj", "{5B68B1A7-5DCC-49B8-923D-0A6CDF0EA081}"
EndProject
Global
	GlobalSection(SolutionConfigurationPlatforms) = preSolution
		Debug|Any CPU = Debug|Any CPU
		Release|Any CPU = Release|Any CPU
	EndGlobalSection
	GlobalSection(ProjectConfigurationPlatforms) = postSolution
		{5B68B1A7-5DCC-49B8-923D-0A6CDF0EA081}.Debug|Any CPU.ActiveCfg = Debug|Any CPU
		{5B68B1A7-5DCC-49B8-923D-0A6CDF0EA081}.Debug|Any CPU.Build.0 = Debug|Any CPU
		{5B68B1A7-5DCC-49B8-923D-0A6CDF0EA081}.Release|Any CPU.ActiveCfg = Release|Any CPU
		{5B68B1A7-5DCC-49B8-923D-0A6CDF0EA081}.Release|Any CPU.Build.0 = Release|Any CPU
	EndGlobalSection
	GlobalSection(SolutionProperties) = preSolution
		HideSolutionNode = FALSE
	EndGlobalSection
	GlobalSection(ExtensibilityGlobals) = postSolution
		SolutionGuid = {AAA97F99-5C94-47E2-97D3-5C1BFCDF38A3}
	EndGlobalSection
EndGlobal
